Microsoft Visual Studio Solution File, Format Version 12.00
# Visual Studio Version 17
VisualStudioVersion = 17.0.31717.71
MinimumVisualStudioVersion = 10.0.40219.1
Project("{9A19103F-16F7-4668-BE54-9A1E7A4F7556}") = "BlazorShared", "src\BlazorShared\BlazorShared.csproj", "{1DC28838-9D19-4163-8924-E4FF807829C3}"
EndProject
Project("{9A19103F-16F7-4668-BE54-9A1E7A4F7556}") = "FrontDesk.Api", "src\FrontDesk.Api\FrontDesk.Api.csproj", "{7A22046C-CF2C-424A-880E-62D64EF48217}"
EndProject
Project("{9A19103F-16F7-4668-BE54-9A1E7A4F7556}") = "FrontDesk.Blazor", "src\FrontDesk.Blazor\FrontDesk.Blazor.csproj", "{675D993D-722D-406E-8600-1268E1721E5D}"
EndProject
Project("{9A19103F-16F7-4668-BE54-9A1E7A4F7556}") = "FrontDesk.Blazor.Host", "src\FrontDesk.Blazor.Host\FrontDesk.Blazor.Host.csproj", "{86C9C00D-E14B-4F76-8FEF-F748DB7C37D1}"
EndProject
Project("{9A19103F-16F7-4668-BE54-9A1E7A4F7556}") = "FrontDesk.Infrastructure", "src\FrontDesk.Infrastructure\FrontDesk.Infrastructure.csproj", "{9E815A36-42B2-4CDA-B671-41794EC316B1}"
EndProject
Project("{9A19103F-16F7-4668-BE54-9A1E7A4F7556}") = "FrontDesk.Core", "src\FrontDesk.Core\FrontDesk.Core.csproj", "{B1A77ACF-154A-495F-8426-5D5AFB44A921}"
EndProject
Project("{9A19103F-16F7-4668-BE54-9A1E7A4F7556}") = "FirstEncounterDDD.SharedKernel", "..\FirstEncounterDDD.SharedKernel\FirstEncounterDDD.SharedKernel.csproj", "{CD318570-7A77-4E77-8C32-8F52837F4E65}"
EndProject
Global
	GlobalSection(SolutionConfigurationPlatforms) = preSolution
		Debug|Any CPU = Debug|Any CPU
		Release|Any CPU = Release|Any CPU
	EndGlobalSection
	GlobalSection(ProjectConfigurationPlatforms) = postSolution
		{1DC28838-9D19-4163-8924-E4FF807829C3}.Debug|Any CPU.ActiveCfg = Debug|Any CPU
		{1DC28838-9D19-4163-8924-E4FF807829C3}.Debug|Any CPU.Build.0 = Debug|Any CPU
		{1DC28838-9D19-4163-8924-E4FF807829C3}.Release|Any CPU.ActiveCfg = Release|Any CPU
		{1DC28838-9D19-4163-8924-E4FF807829C3}.Release|Any CPU.Build.0 = Release|Any CPU
		{7A22046C-CF2C-424A-880E-62D64EF48217}.Debug|Any CPU.ActiveCfg = Debug|Any CPU
		{7A22046C-CF2C-424A-880E-62D64EF48217}.Debug|Any CPU.Build.0 = Debug|Any CPU
		{7A22046C-CF2C-424A-880E-62D64EF48217}.Release|Any CPU.ActiveCfg = Release|Any CPU
		{7A22046C-CF2C-424A-880E-62D64EF48217}.Release|Any CPU.Build.0 = Release|Any CPU
		{675D993D-722D-406E-8600-1268E1721E5D}.Debug|Any CPU.ActiveCfg = Debug|Any CPU
		{675D993D-722D-406E-8600-1268E1721E5D}.Debug|Any CPU.Build.0 = Debug|Any CPU
		{675D993D-722D-406E-8600-1268E1721E5D}.Release|Any CPU.ActiveCfg = Release|Any CPU
		{675D993D-722D-406E-8600-1268E1721E5D}.Release|Any CPU.Build.0 = Release|Any CPU
		{86C9C00D-E14B-4F76-8FEF-F748DB7C37D1}.Debug|Any CPU.ActiveCfg = Debug|Any CPU
		{86C9C00D-E14B-4F76-8FEF-F748DB7C37D1}.Debug|Any CPU.Build.0 = Debug|Any CPU
		{86C9C00D-E14B-4F76-8FEF-F748DB7C37D1}.Release|Any CPU.ActiveCfg = Release|Any CPU
		{86C9C00D-E14B-4F76-8FEF-F748DB7C37D1}.Release|Any CPU.Build.0 = Release|Any CPU
		{9E815A36-42B2-4CDA-B671-41794EC316B1}.Debug|Any CPU.ActiveCfg = Debug|Any CPU
		{9E815A36-42B2-4CDA-B671-41794EC316B1}.Debug|Any CPU.Build.0 = Debug|Any CPU
		{9E815A36-42B2-4CDA-B671-41794EC316B1}.Release|Any CPU.ActiveCfg = Release|Any CPU
		{9E815A36-42B2-4CDA-B671-41794EC316B1}.Release|Any CPU.Build.0 = Release|Any CPU
		{B1A77ACF-154A-495F-8426-5D5AFB44A921}.Debug|Any CPU.ActiveCfg = Debug|Any CPU
		{B1A77ACF-154A-495F-8426-5D5AFB44A921}.Debug|Any CPU.Build.0 = Debug|Any CPU
		{B1A77ACF-154A-495F-8426-5D5AFB44A921}.Release|Any CPU.ActiveCfg = Release|Any CPU
		{B1A77ACF-154A-495F-8426-5D5AFB44A921}.Release|Any CPU.Build.0 = Release|Any CPU
		{CD318570-7A77-4E77-8C32-8F52837F4E65}.Debug|Any CPU.ActiveCfg = Debug|Any CPU
		{CD318570-7A77-4E77-8C32-8F52837F4E65}.Debug|Any CPU.Build.0 = Debug|Any CPU
		{CD318570-7A77-4E77-8C32-8F52837F4E65}.Release|Any CPU.ActiveCfg = Release|Any CPU
		{CD318570-7A77-4E77-8C32-8F52837F4E65}.Release|Any CPU.Build.0 = Release|Any CPU
	EndGlobalSection
	GlobalSection(SolutionProperties) = preSolution
		HideSolutionNode = FALSE
	EndGlobalSection
	GlobalSection(ExtensibilityGlobals) = postSolution
		SolutionGuid = {63EA507C-70EA-4E8A-A9BA-5357264ABB8D}
	EndGlobalSection
EndGlobal
